// !$*UTF8*$!
{
	archiveVersion = 1;
	classes = {
	};
	objectVersion = 46;
	objects = {

/* Begin PBXBuildFile section */
		3C8BB37218562F5B00EECE97 /* Foundation.framework in Frameworks */ = {isa = PBXBuildFile; fileRef = 3C8BB37118562F5B00EECE97 /* Foundation.framework */; };
		3C8BB37418562F5B00EECE97 /* CoreGraphics.framework in Frameworks */ = {isa = PBXBuildFile; fileRef = 3C8BB37318562F5B00EECE97 /* CoreGraphics.framework */; };
		3C8BB37618562F5B00EECE97 /* UIKit.framework in Frameworks */ = {isa = PBXBuildFile; fileRef = 3C8BB37518562F5B00EECE97 /* UIKit.framework */; };
		3C8BB37C18562F5B00EECE97 /* InfoPlist.strings in Resources */ = {isa = PBXBuildFile; fileRef = 3C8BB37A18562F5B00EECE97 /* InfoPlist.strings */; };
		3C8BB37E18562F5B00EECE97 /* main.m in Sources */ = {isa = PBXBuildFile; fileRef = 3C8BB37D18562F5B00EECE97 /* main.m */; };
		3C8BB38218562F5B00EECE97 /* MSAppDelegate.m in Sources */ = {isa = PBXBuildFile; fileRef = 3C8BB38118562F5B00EECE97 /* MSAppDelegate.m */; };
		3C8BB38D18562F5B00EECE97 /* Images.xcassets in Resources */ = {isa = PBXBuildFile; fileRef = 3C8BB38C18562F5B00EECE97 /* Images.xcassets */; };
		3C8BB39418562F5B00EECE97 /* XCTest.framework in Frameworks */ = {isa = PBXBuildFile; fileRef = 3C8BB39318562F5B00EECE97 /* XCTest.framework */; };
		3C8BB39518562F5B00EECE97 /* Foundation.framework in Frameworks */ = {isa = PBXBuildFile; fileRef = 3C8BB37118562F5B00EECE97 /* Foundation.framework */; };
		3C8BB39618562F5B00EECE97 /* UIKit.framework in Frameworks */ = {isa = PBXBuildFile; fileRef = 3C8BB37518562F5B00EECE97 /* UIKit.framework */; };
		3C8BB39E18562F5B00EECE97 /* InfoPlist.strings in Resources */ = {isa = PBXBuildFile; fileRef = 3C8BB39C18562F5B00EECE97 /* InfoPlist.strings */; };
		3C8BB3A018562F5B00EECE97 /* Gymnasium_VilshofenTests.m in Sources */ = {isa = PBXBuildFile; fileRef = 3C8BB39F18562F5B00EECE97 /* Gymnasium_VilshofenTests.m */; };
		3C8BB3CA18564BC100EECE97 /* Appsee.framework in Frameworks */ = {isa = PBXBuildFile; fileRef = 3C8BB3C918564BC100EECE97 /* Appsee.framework */; };
		3C8BB3CC18564BD200EECE97 /* AVFoundation.framework in Frameworks */ = {isa = PBXBuildFile; fileRef = 3C8BB3CB18564BD200EECE97 /* AVFoundation.framework */; };
		3C8BB3CE18564BD800EECE97 /* CoreMedia.framework in Frameworks */ = {isa = PBXBuildFile; fileRef = 3C8BB3CD18564BD800EECE97 /* CoreMedia.framework */; };
		3C8BB3D018564BDB00EECE97 /* CoreVideo.framework in Frameworks */ = {isa = PBXBuildFile; fileRef = 3C8BB3CF18564BDB00EECE97 /* CoreVideo.framework */; };
		3C8BB3D218564BE700EECE97 /* QuartzCore.framework in Frameworks */ = {isa = PBXBuildFile; fileRef = 3C8BB3D118564BE600EECE97 /* QuartzCore.framework */; };
		3C8BB3D418564BF300EECE97 /* SystemConfiguration.framework in Frameworks */ = {isa = PBXBuildFile; fileRef = 3C8BB3D318564BF300EECE97 /* SystemConfiguration.framework */; };
		3C8BB3D718564C4F00EECE97 /* Main_iPhone.storyboard in Resources */ = {isa = PBXBuildFile; fileRef = 3C8BB3D518564C4F00EECE97 /* Main_iPhone.storyboard */; };
		3C8BB3D818564C4F00EECE97 /* Main_iPad.storyboard in Resources */ = {isa = PBXBuildFile; fileRef = 3C8BB3D618564C4F00EECE97 /* Main_iPad.storyboard */; };
/* End PBXBuildFile section */

/* Begin PBXContainerItemProxy section */
		3C8BB39718562F5B00EECE97 /* PBXContainerItemProxy */ = {
			isa = PBXContainerItemProxy;
			containerPortal = 3C8BB36618562F5B00EECE97 /* Project object */;
			proxyType = 1;
			remoteGlobalIDString = 3C8BB36D18562F5B00EECE97;
			remoteInfo = "Gymnasium Vilshofen";
		};
/* End PBXContainerItemProxy section */

/* Begin PBXFileReference section */
		3C8BB36E18562F5B00EECE97 /* Gymnasium Vilshofen.app */ = {isa = PBXFileReference; explicitFileType = wrapper.application; includeInIndex = 0; path = "Gymnasium Vilshofen.app"; sourceTree = BUILT_PRODUCTS_DIR; };
		3C8BB37118562F5B00EECE97 /* Foundation.framework */ = {isa = PBXFileReference; lastKnownFileType = wrapper.framework; name = Foundation.framework; path = System/Library/Frameworks/Foundation.framework; sourceTree = SDKROOT; };
		3C8BB37318562F5B00EECE97 /* CoreGraphics.framework */ = {isa = PBXFileReference; lastKnownFileType = wrapper.framework; name = CoreGraphics.framework; path = System/Library/Frameworks/CoreGraphics.framework; sourceTree = SDKROOT; };
		3C8BB37518562F5B00EECE97 /* UIKit.framework */ = {isa = PBXFileReference; lastKnownFileType = wrapper.framework; name = UIKit.framework; path = System/Library/Frameworks/UIKit.framework; sourceTree = SDKROOT; };
		3C8BB37918562F5B00EECE97 /* Gymnasium Vilshofen-Info.plist */ = {isa = PBXFileReference; lastKnownFileType = text.plist.xml; path = "Gymnasium Vilshofen-Info.plist"; sourceTree = "<group>"; };
		3C8BB37B18562F5B00EECE97 /* en */ = {isa = PBXFileReference; lastKnownFileType = text.plist.strings; name = en; path = en.lproj/InfoPlist.strings; sourceTree = "<group>"; };
		3C8BB37D18562F5B00EECE97 /* main.m */ = {isa = PBXFileReference; lastKnownFileType = sourcecode.c.objc; path = main.m; sourceTree = "<group>"; };
		3C8BB37F18562F5B00EECE97 /* Gymnasium Vilshofen-Prefix.pch */ = {isa = PBXFileReference; lastKnownFileType = sourcecode.c.h; path = "Gymnasium Vilshofen-Prefix.pch"; sourceTree = "<group>"; };
		3C8BB38018562F5B00EECE97 /* MSAppDelegate.h */ = {isa = PBXFileReference; lastKnownFileType = sourcecode.c.h; path = MSAppDelegate.h; sourceTree = "<group>"; };
		3C8BB38118562F5B00EECE97 /* MSAppDelegate.m */ = {isa = PBXFileReference; lastKnownFileType = sourcecode.c.objc; path = MSAppDelegate.m; sourceTree = "<group>"; };
		3C8BB38C18562F5B00EECE97 /* Images.xcassets */ = {isa = PBXFileReference; lastKnownFileType = folder.assetcatalog; path = Images.xcassets; sourceTree = "<group>"; };
		3C8BB39218562F5B00EECE97 /* Gymnasium VilshofenTests.xctest */ = {isa = PBXFileReference; explicitFileType = wrapper.cfbundle; includeInIndex = 0; path = "Gymnasium VilshofenTests.xctest"; sourceTree = BUILT_PRODUCTS_DIR; };
		3C8BB39318562F5B00EECE97 /* XCTest.framework */ = {isa = PBXFileReference; lastKnownFileType = wrapper.framework; name = XCTest.framework; path = Library/Frameworks/XCTest.framework; sourceTree = DEVELOPER_DIR; };
		3C8BB39B18562F5B00EECE97 /* Gymnasium VilshofenTests-Info.plist */ = {isa = PBXFileReference; lastKnownFileType = text.plist.xml; path = "Gymnasium VilshofenTests-Info.plist"; sourceTree = "<group>"; };
		3C8BB39D18562F5B00EECE97 /* en */ = {isa = PBXFileReference; lastKnownFileType = text.plist.strings; name = en; path = en.lproj/InfoPlist.strings; sourceTree = "<group>"; };
		3C8BB39F18562F5B00EECE97 /* Gymnasium_VilshofenTests.m */ = {isa = PBXFileReference; lastKnownFileType = sourcecode.c.objc; path = Gymnasium_VilshofenTests.m; sourceTree = "<group>"; };
		3C8BB3C918564BC100EECE97 /* Appsee.framework */ = {isa = PBXFileReference; lastKnownFileType = wrapper.framework; path = Appsee.framework; sourceTree = "<group>"; };
		3C8BB3CB18564BD200EECE97 /* AVFoundation.framework */ = {isa = PBXFileReference; lastKnownFileType = wrapper.framework; name = AVFoundation.framework; path = System/Library/Frameworks/AVFoundation.framework; sourceTree = SDKROOT; };
		3C8BB3CD18564BD800EECE97 /* CoreMedia.framework */ = {isa = PBXFileReference; lastKnownFileType = wrapper.framework; name = CoreMedia.framework; path = System/Library/Frameworks/CoreMedia.framework; sourceTree = SDKROOT; };
		3C8BB3CF18564BDB00EECE97 /* CoreVideo.framework */ = {isa = PBXFileReference; lastKnownFileType = wrapper.framework; name = CoreVideo.framework; path = System/Library/Frameworks/CoreVideo.framework; sourceTree = SDKROOT; };
		3C8BB3D118564BE600EECE97 /* QuartzCore.framework */ = {isa = PBXFileReference; lastKnownFileType = wrapper.framework; name = QuartzCore.framework; path = System/Library/Frameworks/QuartzCore.framework; sourceTree = SDKROOT; };
		3C8BB3D318564BF300EECE97 /* SystemConfiguration.framework */ = {isa = PBXFileReference; lastKnownFileType = wrapper.framework; name = SystemConfiguration.framework; path = System/Library/Frameworks/SystemConfiguration.framework; sourceTree = SDKROOT; };
		3C8BB3D518564C4F00EECE97 /* Main_iPhone.storyboard */ = {isa = PBXFileReference; fileEncoding = 4; lastKnownFileType = file.storyboard; path = Main_iPhone.storyboard; sourceTree = "<group>"; };
		3C8BB3D618564C4F00EECE97 /* Main_iPad.storyboard */ = {isa = PBXFileReference; fileEncoding = 4; lastKnownFileType = file.storyboard; path = Main_iPad.storyboard; sourceTree = "<group>"; };
/* End PBXFileReference section */

/* Begin PBXFrameworksBuildPhase section */
		3C8BB36B18562F5B00EECE97 /* Frameworks */ = {
			isa = PBXFrameworksBuildPhase;
			buildActionMask = 2147483647;
			files = (
				3C8BB3CA18564BC100EECE97 /* Appsee.framework in Frameworks */,
				3C8BB3D418564BF300EECE97 /* SystemConfiguration.framework in Frameworks */,
				3C8BB3D218564BE700EECE97 /* QuartzCore.framework in Frameworks */,
				3C8BB37418562F5B00EECE97 /* CoreGraphics.framework in Frameworks */,
				3C8BB3D018564BDB00EECE97 /* CoreVideo.framework in Frameworks */,
				3C8BB3CE18564BD800EECE97 /* CoreMedia.framework in Frameworks */,
				3C8BB3CC18564BD200EECE97 /* AVFoundation.framework in Frameworks */,
				3C8BB37618562F5B00EECE97 /* UIKit.framework in Frameworks */,
				3C8BB37218562F5B00EECE97 /* Foundation.framework in Frameworks */,
			);
			runOnlyForDeploymentPostprocessing = 0;
		};
		3C8BB38F18562F5B00EECE97 /* Frameworks */ = {
			isa = PBXFrameworksBuildPhase;
			buildActionMask = 2147483647;
			files = (
				3C8BB39418562F5B00EECE97 /* XCTest.framework in Frameworks */,
				3C8BB39618562F5B00EECE97 /* UIKit.framework in Frameworks */,
				3C8BB39518562F5B00EECE97 /* Foundation.framework in Frameworks */,
			);
			runOnlyForDeploymentPostprocessing = 0;
		};
/* End PBXFrameworksBuildPhase section */

/* Begin PBXGroup section */
		3C8BB36518562F5B00EECE97 = {
			isa = PBXGroup;
			children = (
				3C8BB37718562F5B00EECE97 /* Gymnasium Vilshofen */,
				3C8BB39918562F5B00EECE97 /* Gymnasium VilshofenTests */,
				3C8BB37018562F5B00EECE97 /* Frameworks */,
				3C8BB36F18562F5B00EECE97 /* Products */,
			);
			sourceTree = "<group>";
		};
		3C8BB36F18562F5B00EECE97 /* Products */ = {
			isa = PBXGroup;
			children = (
				3C8BB36E18562F5B00EECE97 /* Gymnasium Vilshofen.app */,
				3C8BB39218562F5B00EECE97 /* Gymnasium VilshofenTests.xctest */,
			);
			name = Products;
			sourceTree = "<group>";
		};
		3C8BB37018562F5B00EECE97 /* Frameworks */ = {
			isa = PBXGroup;
			children = (
				3C8BB3D318564BF300EECE97 /* SystemConfiguration.framework */,
				3C8BB3D118564BE600EECE97 /* QuartzCore.framework */,
				3C8BB3CF18564BDB00EECE97 /* CoreVideo.framework */,
				3C8BB3CD18564BD800EECE97 /* CoreMedia.framework */,
				3C8BB3CB18564BD200EECE97 /* AVFoundation.framework */,
				3C8BB3C918564BC100EECE97 /* Appsee.framework */,
				3C8BB37118562F5B00EECE97 /* Foundation.framework */,
				3C8BB37318562F5B00EECE97 /* CoreGraphics.framework */,
				3C8BB37518562F5B00EECE97 /* UIKit.framework */,
				3C8BB39318562F5B00EECE97 /* XCTest.framework */,
			);
			name = Frameworks;
			sourceTree = "<group>";
		};
		3C8BB37718562F5B00EECE97 /* Gymnasium Vilshofen */ = {
			isa = PBXGroup;
			children = (
				3C8BB3D918564D2A00EECE97 /* VCs */,
				3C8BB3D518564C4F00EECE97 /* Main_iPhone.storyboard */,
				3C8BB3D618564C4F00EECE97 /* Main_iPad.storyboard */,
				3C8BB38018562F5B00EECE97 /* MSAppDelegate.h */,
				3C8BB38118562F5B00EECE97 /* MSAppDelegate.m */,
				3C8BB38C18562F5B00EECE97 /* Images.xcassets */,
				3C8BB37818562F5B00EECE97 /* Supporting Files */,
			);
			path = "Gymnasium Vilshofen";
			sourceTree = "<group>";
		};
		3C8BB37818562F5B00EECE97 /* Supporting Files */ = {
			isa = PBXGroup;
			children = (
				3C8BB37918562F5B00EECE97 /* Gymnasium Vilshofen-Info.plist */,
				3C8BB37A18562F5B00EECE97 /* InfoPlist.strings */,
				3C8BB37D18562F5B00EECE97 /* main.m */,
				3C8BB37F18562F5B00EECE97 /* Gymnasium Vilshofen-Prefix.pch */,
			);
			name = "Supporting Files";
			sourceTree = "<group>";
		};
		3C8BB39918562F5B00EECE97 /* Gymnasium VilshofenTests */ = {
			isa = PBXGroup;
			children = (
				3C8BB39F18562F5B00EECE97 /* Gymnasium_VilshofenTests.m */,
				3C8BB39A18562F5B00EECE97 /* Supporting Files */,
			);
			path = "Gymnasium VilshofenTests";
			sourceTree = "<group>";
		};
		3C8BB39A18562F5B00EECE97 /* Supporting Files */ = {
			isa = PBXGroup;
			children = (
				3C8BB39B18562F5B00EECE97 /* Gymnasium VilshofenTests-Info.plist */,
				3C8BB39C18562F5B00EECE97 /* InfoPlist.strings */,
			);
			name = "Supporting Files";
			sourceTree = "<group>";
		};
		3C8BB3D918564D2A00EECE97 /* VCs */ = {
			isa = PBXGroup;
			children = (
			);
			name = VCs;
			sourceTree = "<group>";
		};
/* End PBXGroup section */

/* Begin PBXNativeTarget section */
		3C8BB36D18562F5B00EECE97 /* Gymnasium Vilshofen */ = {
			isa = PBXNativeTarget;
			buildConfigurationList = 3C8BB3A318562F5B00EECE97 /* Build configuration list for PBXNativeTarget "Gymnasium Vilshofen" */;
			buildPhases = (
				3C8BB36A18562F5B00EECE97 /* Sources */,
				3C8BB36B18562F5B00EECE97 /* Frameworks */,
				3C8BB36C18562F5B00EECE97 /* Resources */,
				3C8BB3C818564B0600EECE97 /* ShellScript */,
			);
			buildRules = (
			);
			dependencies = (
			);
			name = "Gymnasium Vilshofen";
			productName = "Gymnasium Vilshofen";
			productReference = 3C8BB36E18562F5B00EECE97 /* Gymnasium Vilshofen.app */;
			productType = "com.apple.product-type.application";
		};
		3C8BB39118562F5B00EECE97 /* Gymnasium VilshofenTests */ = {
			isa = PBXNativeTarget;
			buildConfigurationList = 3C8BB3A618562F5B00EECE97 /* Build configuration list for PBXNativeTarget "Gymnasium VilshofenTests" */;
			buildPhases = (
				3C8BB38E18562F5B00EECE97 /* Sources */,
				3C8BB38F18562F5B00EECE97 /* Frameworks */,
				3C8BB39018562F5B00EECE97 /* Resources */,
			);
			buildRules = (
			);
			dependencies = (
				3C8BB39818562F5B00EECE97 /* PBXTargetDependency */,
			);
			name = "Gymnasium VilshofenTests";
			productName = "Gymnasium VilshofenTests";
			productReference = 3C8BB39218562F5B00EECE97 /* Gymnasium VilshofenTests.xctest */;
			productType = "com.apple.product-type.bundle.unit-test";
		};
/* End PBXNativeTarget section */

/* Begin PBXProject section */
		3C8BB36618562F5B00EECE97 /* Project object */ = {
			isa = PBXProject;
			attributes = {
				CLASSPREFIX = MS;
				LastUpgradeCheck = 0500;
				ORGANIZATIONNAME = "Maximilian Söllner";
				TargetAttributes = {
					3C8BB39118562F5B00EECE97 = {
						TestTargetID = 3C8BB36D18562F5B00EECE97;
					};
				};
			};
			buildConfigurationList = 3C8BB36918562F5B00EECE97 /* Build configuration list for PBXProject "Gymnasium Vilshofen" */;
			compatibilityVersion = "Xcode 3.2";
			developmentRegion = English;
			hasScannedForEncodings = 0;
			knownRegions = (
				en,
				Base,
			);
			mainGroup = 3C8BB36518562F5B00EECE97;
			productRefGroup = 3C8BB36F18562F5B00EECE97 /* Products */;
			projectDirPath = "";
			projectRoot = "";
			targets = (
				3C8BB36D18562F5B00EECE97 /* Gymnasium Vilshofen */,
				3C8BB39118562F5B00EECE97 /* Gymnasium VilshofenTests */,
			);
		};
/* End PBXProject section */

/* Begin PBXResourcesBuildPhase section */
		3C8BB36C18562F5B00EECE97 /* Resources */ = {
			isa = PBXResourcesBuildPhase;
			buildActionMask = 2147483647;
			files = (
				3C8BB38D18562F5B00EECE97 /* Images.xcassets in Resources */,
				3C8BB3D818564C4F00EECE97 /* Main_iPad.storyboard in Resources */,
				3C8BB37C18562F5B00EECE97 /* InfoPlist.strings in Resources */,
				3C8BB3D718564C4F00EECE97 /* Main_iPhone.storyboard in Resources */,
			);
			runOnlyForDeploymentPostprocessing = 0;
		};
		3C8BB39018562F5B00EECE97 /* Resources */ = {
			isa = PBXResourcesBuildPhase;
			buildActionMask = 2147483647;
			files = (
				3C8BB39E18562F5B00EECE97 /* InfoPlist.strings in Resources */,
			);
			runOnlyForDeploymentPostprocessing = 0;
		};
/* End PBXResourcesBuildPhase section */

/* Begin PBXShellScriptBuildPhase section */
		3C8BB3C818564B0600EECE97 /* ShellScript */ = {
			isa = PBXShellScriptBuildPhase;
			buildActionMask = 2147483647;
			files = (
			);
			inputPaths = (
			);
			outputPaths = (
			);
			runOnlyForDeploymentPostprocessing = 0;
			shellPath = /bin/sh;
			shellScript = "buildNumber=$(/usr/libexec/PlistBuddy -c \"Print CFBundleVersion\" \"${PROJECT_DIR}/${INFOPLIST_FILE}\")\nbuildNumber=$(($buildNumber + 1))\n/usr/libexec/PlistBuddy -c \"Set :CFBundleVersion $buildNumber\" \"${PROJECT_DIR}/${INFOPLIST_FILE}\"\n\nVERSIONNUM=$(/usr/libexec/PlistBuddy -c \"Print CFBundleShortVersionString\" \"${PROJECT_DIR}/${INFOPLIST_FILE}\")\nNEWSUBVERSION=`echo $VERSIONNUM | awk -F \".\" '{print $3}'`\nNEWSUBVERSION=$(($NEWSUBVERSION + 1))\nNEWVERSIONSTRING=`echo $VERSIONNUM | awk -F \".\" '{print $1 \".\" $2 \".'$NEWSUBVERSION'\" }'`\n/usr/libexec/PlistBuddy -c \"Set :CFBundleShortVersionString $NEWVERSIONSTRING\" \"${PROJECT_DIR}/${INFOPLIST_FILE}\"";
		};
/* End PBXShellScriptBuildPhase section */

/* Begin PBXSourcesBuildPhase section */
		3C8BB36A18562F5B00EECE97 /* Sources */ = {
			isa = PBXSourcesBuildPhase;
			buildActionMask = 2147483647;
			files = (
				3C8BB38218562F5B00EECE97 /* MSAppDelegate.m in Sources */,
				3C8BB37E18562F5B00EECE97 /* main.m in Sources */,
			);
			runOnlyForDeploymentPostprocessing = 0;
		};
		3C8BB38E18562F5B00EECE97 /* Sources */ = {
			isa = PBXSourcesBuildPhase;
			buildActionMask = 2147483647;
			files = (
				3C8BB3A018562F5B00EECE97 /* Gymnasium_VilshofenTests.m in Sources */,
			);
			runOnlyForDeploymentPostprocessing = 0;
		};
/* End PBXSourcesBuildPhase section */

/* Begin PBXTargetDependency section */
		3C8BB39818562F5B00EECE97 /* PBXTargetDependency */ = {
			isa = PBXTargetDependency;
			target = 3C8BB36D18562F5B00EECE97 /* Gymnasium Vilshofen */;
			targetProxy = 3C8BB39718562F5B00EECE97 /* PBXContainerItemProxy */;
		};
/* End PBXTargetDependency section */

/* Begin PBXVariantGroup section */
		3C8BB37A18562F5B00EECE97 /* InfoPlist.strings */ = {
			isa = PBXVariantGroup;
			children = (
				3C8BB37B18562F5B00EECE97 /* en */,
			);
			name = InfoPlist.strings;
			sourceTree = "<group>";
		};
		3C8BB39C18562F5B00EECE97 /* InfoPlist.strings */ = {
			isa = PBXVariantGroup;
			children = (
				3C8BB39D18562F5B00EECE97 /* en */,
			);
			name = InfoPlist.strings;
			sourceTree = "<group>";
		};
/* End PBXVariantGroup section */

/* Begin XCBuildConfiguration section */
		3C8BB3A118562F5B00EECE97 /* Debug */ = {
			isa = XCBuildConfiguration;
			buildSettings = {
				ALWAYS_SEARCH_USER_PATHS = NO;
				ARCHS = "$(ARCHS_STANDARD_INCLUDING_64_BIT)";
				CLANG_CXX_LANGUAGE_STANDARD = "gnu++0x";
				CLANG_CXX_LIBRARY = "libc++";
				CLANG_ENABLE_MODULES = YES;
				CLANG_ENABLE_OBJC_ARC = YES;
				CLANG_WARN_BOOL_CONVERSION = YES;
				CLANG_WARN_CONSTANT_CONVERSION = YES;
				CLANG_WARN_DIRECT_OBJC_ISA_USAGE = YES_ERROR;
				CLANG_WARN_EMPTY_BODY = YES;
				CLANG_WARN_ENUM_CONVERSION = YES;
				CLANG_WARN_INT_CONVERSION = YES;
				CLANG_WARN_OBJC_ROOT_CLASS = YES_ERROR;
				CLANG_WARN__DUPLICATE_METHOD_MATCH = YES;
				"CODE_SIGN_IDENTITY[sdk=iphoneos*]" = "iPhone Developer";
				COPY_PHASE_STRIP = NO;
				GCC_C_LANGUAGE_STANDARD = gnu99;
				GCC_DYNAMIC_NO_PIC = NO;
				GCC_OPTIMIZATION_LEVEL = 0;
				GCC_PREPROCESSOR_DEFINITIONS = (
					"DEBUG=1",
					"$(inherited)",
				);
				GCC_SYMBOLS_PRIVATE_EXTERN = NO;
				GCC_WARN_64_TO_32_BIT_CONVERSION = YES;
				GCC_WARN_ABOUT_RETURN_TYPE = YES_ERROR;
				GCC_WARN_UNDECLARED_SELECTOR = YES;
				GCC_WARN_UNINITIALIZED_AUTOS = YES;
				GCC_WARN_UNUSED_FUNCTION = YES;
				GCC_WARN_UNUSED_VARIABLE = YES;
				IPHONEOS_DEPLOYMENT_TARGET = 7.0;
				ONLY_ACTIVE_ARCH = YES;
				SDKROOT = iphoneos;
				TARGETED_DEVICE_FAMILY = "1,2";
			};
			name = Debug;
		};
		3C8BB3A218562F5B00EECE97 /* Release */ = {
			isa = XCBuildConfiguration;
			buildSettings = {
				ALWAYS_SEARCH_USER_PATHS = NO;
				ARCHS = "$(ARCHS_STANDARD_INCLUDING_64_BIT)";
				CLANG_CXX_LANGUAGE_STANDARD = "gnu++0x";
				CLANG_CXX_LIBRARY = "libc++";
				CLANG_ENABLE_MODULES = YES;
				CLANG_ENABLE_OBJC_ARC = YES;
				CLANG_WARN_BOOL_CONVERSION = YES;
				CLANG_WARN_CONSTANT_CONVERSION = YES;
				CLANG_WARN_DIRECT_OBJC_ISA_USAGE = YES_ERROR;
				CLANG_WARN_EMPTY_BODY = YES;
				CLANG_WARN_ENUM_CONVERSION = YES;
				CLANG_WARN_INT_CONVERSION = YES;
				CLANG_WARN_OBJC_ROOT_CLASS = YES_ERROR;
				CLANG_WARN__DUPLICATE_METHOD_MATCH = YES;
				"CODE_SIGN_IDENTITY[sdk=iphoneos*]" = "iPhone Developer";
				COPY_PHASE_STRIP = YES;
				ENABLE_NS_ASSERTIONS = NO;
				GCC_C_LANGUAGE_STANDARD = gnu99;
				GCC_WARN_64_TO_32_BIT_CONVERSION = YES;
				GCC_WARN_ABOUT_RETURN_TYPE = YES_ERROR;
				GCC_WARN_UNDECLARED_SELECTOR = YES;
				GCC_WARN_UNINITIALIZED_AUTOS = YES;
				GCC_WARN_UNUSED_FUNCTION = YES;
				GCC_WARN_UNUSED_VARIABLE = YES;
				IPHONEOS_DEPLOYMENT_TARGET = 7.0;
				SDKROOT = iphoneos;
				TARGETED_DEVICE_FAMILY = "1,2";
				VALIDATE_PRODUCT = YES;
			};
			name = Release;
		};
		3C8BB3A418562F5B00EECE97 /* Debug */ = {
			isa = XCBuildConfiguration;
			buildSettings = {
				ASSETCATALOG_COMPILER_APPICON_NAME = AppIcon;
				ASSETCATALOG_COMPILER_LAUNCHIMAGE_NAME = LaunchImage;
				FRAMEWORK_SEARCH_PATHS = (
					"$(inherited)",
					"/Users/maximiliansollner/msCloud/maxDev/GymVofApp/CodeBase/Gymnasium\\ Vilshofen",
				);
				GCC_PRECOMPILE_PREFIX_HEADER = YES;
				GCC_PREFIX_HEADER = "Gymnasium Vilshofen/Gymnasium Vilshofen-Prefix.pch";
				INFOPLIST_FILE = "Gymnasium Vilshofen/Gymnasium Vilshofen-Info.plist";
				PRODUCT_NAME = "$(TARGET_NAME)";
				WRAPPER_EXTENSION = app;
			};
			name = Debug;
		};
		3C8BB3A518562F5B00EECE97 /* Release */ = {
			isa = XCBuildConfiguration;
			buildSettings = {
				ASSETCATALOG_COMPILER_APPICON_NAME = AppIcon;
				ASSETCATALOG_COMPILER_LAUNCHIMAGE_NAME = LaunchImage;
				FRAMEWORK_SEARCH_PATHS = (
					"$(inherited)",
					"/Users/maximiliansollner/msCloud/maxDev/GymVofApp/CodeBase/Gymnasium\\ Vilshofen",
				);
				GCC_PRECOMPILE_PREFIX_HEADER = YES;
				GCC_PREFIX_HEADER = "Gymnasium Vilshofen/Gymnasium Vilshofen-Prefix.pch";
				INFOPLIST_FILE = "Gymnasium Vilshofen/Gymnasium Vilshofen-Info.plist";
				PRODUCT_NAME = "$(TARGET_NAME)";
				WRAPPER_EXTENSION = app;
			};
			name = Release;
		};
		3C8BB3A718562F5B00EECE97 /* Debug */ = {
			isa = XCBuildConfiguration;
			buildSettings = {
				ARCHS = "$(ARCHS_STANDARD_INCLUDING_64_BIT)";
				BUNDLE_LOADER = "$(BUILT_PRODUCTS_DIR)/Gymnasium Vilshofen.app/Gymnasium Vilshofen";
				FRAMEWORK_SEARCH_PATHS = (
					"$(SDKROOT)/Developer/Library/Frameworks",
					"$(inherited)",
					"$(DEVELOPER_FRAMEWORKS_DIR)",
				);
				GCC_PRECOMPILE_PREFIX_HEADER = YES;
				GCC_PREFIX_HEADER = "Gymnasium Vilshofen/Gymnasium Vilshofen-Prefix.pch";
				GCC_PREPROCESSOR_DEFINITIONS = (
					"DEBUG=1",
					"$(inherited)",
				);
				INFOPLIST_FILE = "Gymnasium VilshofenTests/Gymnasium VilshofenTests-Info.plist";
				PRODUCT_NAME = "$(TARGET_NAME)";
				TEST_HOST = "$(BUNDLE_LOADER)";
				WRAPPER_EXTENSION = xctest;
			};
			name = Debug;
		};
		3C8BB3A818562F5B00EECE97 /* Release */ = {
			isa = XCBuildConfiguration;
			buildSettings = {
				ARCHS = "$(ARCHS_STANDARD_INCLUDING_64_BIT)";
				BUNDLE_LOADER = "$(BUILT_PRODUCTS_DIR)/Gymnasium Vilshofen.app/Gymnasium Vilshofen";
				FRAMEWORK_SEARCH_PATHS = (
					"$(SDKROOT)/Developer/Library/Frameworks",
					"$(inherited)",
					"$(DEVELOPER_FRAMEWORKS_DIR)",
				);
				GCC_PRECOMPILE_PREFIX_HEADER = YES;
				GCC_PREFIX_HEADER = "Gymnasium Vilshofen/Gymnasium Vilshofen-Prefix.pch";
				INFOPLIST_FILE = "Gymnasium VilshofenTests/Gymnasium VilshofenTests-Info.plist";
				PRODUCT_NAME = "$(TARGET_NAME)";
				TEST_HOST = "$(BUNDLE_LOADER)";
				WRAPPER_EXTENSION = xctest;
			};
			name = Release;
		};
/* End XCBuildConfiguration section */

/* Begin XCConfigurationList section */
		3C8BB36918562F5B00EECE97 /* Build configuration list for PBXProject "Gymnasium Vilshofen" */ = {
			isa = XCConfigurationList;
			buildConfigurations = (
				3C8BB3A118562F5B00EECE97 /* Debug */,
				3C8BB3A218562F5B00EECE97 /* Release */,
			);
			defaultConfigurationIsVisible = 0;
			defaultConfigurationName = Release;
		};
		3C8BB3A318562F5B00EECE97 /* Build configuration list for PBXNativeTarget "Gymnasium Vilshofen" */ = {
			isa = XCConfigurationList;
			buildConfigurations = (
				3C8BB3A418562F5B00EECE97 /* Debug */,
				3C8BB3A518562F5B00EECE97 /* Release */,
			);
			defaultConfigurationIsVisible = 0;
			defaultConfigurationName = Release;
		};
		3C8BB3A618562F5B00EECE97 /* Build configuration list for PBXNativeTarget "Gymnasium VilshofenTests" */ = {
			isa = XCConfigurationList;
			buildConfigurations = (
				3C8BB3A718562F5B00EECE97 /* Debug */,
				3C8BB3A818562F5B00EECE97 /* Release */,
			);
			defaultConfigurationIsVisible = 0;
			defaultConfigurationName = Release;
		};
/* End XCConfigurationList section */
	};
	rootObject = 3C8BB36618562F5B00EECE97 /* Project object */;
}
