// !$*UTF8*$!
{
	archiveVersion = 1;
	classes = {
	};
	objectVersion = 46;
	objects = {

/* Begin PBXBuildFile section */
		4CA9EAFB19ED5595005C7761 /* SettingViewController.swift in Sources */ = {isa = PBXBuildFile; fileRef = 4CA9EAFA19ED5595005C7761 /* SettingViewController.swift */; };
		4CA9EAFE19ED5691005C7761 /* NewsCell.swift in Sources */ = {isa = PBXBuildFile; fileRef = 4CA9EAFD19ED5691005C7761 /* NewsCell.swift */; };
		4CA9EB0019ED56AA005C7761 /* InfoCell.swift in Sources */ = {isa = PBXBuildFile; fileRef = 4CA9EAFF19ED56AA005C7761 /* InfoCell.swift */; };
		4CA9EB0219ED56C9005C7761 /* PlanCell.swift in Sources */ = {isa = PBXBuildFile; fileRef = 4CA9EB0119ED56C9005C7761 /* PlanCell.swift */; };
		4CA9EB0419ED56E0005C7761 /* TimeTableCell.swift in Sources */ = {isa = PBXBuildFile; fileRef = 4CA9EB0319ED56E0005C7761 /* TimeTableCell.swift */; };
		4CA9EB0619ED5700005C7761 /* MenuCell.swift in Sources */ = {isa = PBXBuildFile; fileRef = 4CA9EB0519ED5700005C7761 /* MenuCell.swift */; };
		A0CF735D19EC5BBA004B7D66 /* AppDelegate.swift in Sources */ = {isa = PBXBuildFile; fileRef = A0CF735C19EC5BBA004B7D66 /* AppDelegate.swift */; };
		A0CF736219EC5BBA004B7D66 /* Main.storyboard in Resources */ = {isa = PBXBuildFile; fileRef = A0CF736019EC5BBA004B7D66 /* Main.storyboard */; };
		A0CF736419EC5BBA004B7D66 /* Images.xcassets in Resources */ = {isa = PBXBuildFile; fileRef = A0CF736319EC5BBA004B7D66 /* Images.xcassets */; };
		A0CF736719EC5BBA004B7D66 /* LaunchScreen.xib in Resources */ = {isa = PBXBuildFile; fileRef = A0CF736519EC5BBA004B7D66 /* LaunchScreen.xib */; };
/* End PBXBuildFile section */

/* Begin PBXFileReference section */
		4CA9EAFA19ED5595005C7761 /* SettingViewController.swift */ = {isa = PBXFileReference; fileEncoding = 4; lastKnownFileType = sourcecode.swift; path = SettingViewController.swift; sourceTree = "<group>"; };
		4CA9EAFD19ED5691005C7761 /* NewsCell.swift */ = {isa = PBXFileReference; fileEncoding = 4; lastKnownFileType = sourcecode.swift; path = NewsCell.swift; sourceTree = "<group>"; };
		4CA9EAFF19ED56AA005C7761 /* InfoCell.swift */ = {isa = PBXFileReference; fileEncoding = 4; lastKnownFileType = sourcecode.swift; path = InfoCell.swift; sourceTree = "<group>"; };
		4CA9EB0119ED56C9005C7761 /* PlanCell.swift */ = {isa = PBXFileReference; fileEncoding = 4; lastKnownFileType = sourcecode.swift; path = PlanCell.swift; sourceTree = "<group>"; };
		4CA9EB0319ED56E0005C7761 /* TimeTableCell.swift */ = {isa = PBXFileReference; fileEncoding = 4; lastKnownFileType = sourcecode.swift; path = TimeTableCell.swift; sourceTree = "<group>"; };
		4CA9EB0519ED5700005C7761 /* MenuCell.swift */ = {isa = PBXFileReference; fileEncoding = 4; lastKnownFileType = sourcecode.swift; path = MenuCell.swift; sourceTree = "<group>"; };
		A0CF735719EC5BBA004B7D66 /* Gymnasium Vilshofen.app */ = {isa = PBXFileReference; explicitFileType = wrapper.application; includeInIndex = 0; path = "Gymnasium Vilshofen.app"; sourceTree = BUILT_PRODUCTS_DIR; };
		A0CF735B19EC5BBA004B7D66 /* Info.plist */ = {isa = PBXFileReference; lastKnownFileType = text.plist.xml; path = Info.plist; sourceTree = "<group>"; };
		A0CF735C19EC5BBA004B7D66 /* AppDelegate.swift */ = {isa = PBXFileReference; lastKnownFileType = sourcecode.swift; path = AppDelegate.swift; sourceTree = "<group>"; };
		A0CF736119EC5BBA004B7D66 /* Base */ = {isa = PBXFileReference; lastKnownFileType = file.storyboard; name = Base; path = Base.lproj/Main.storyboard; sourceTree = "<group>"; };
		A0CF736319EC5BBA004B7D66 /* Images.xcassets */ = {isa = PBXFileReference; lastKnownFileType = folder.assetcatalog; path = Images.xcassets; sourceTree = "<group>"; };
		A0CF736619EC5BBA004B7D66 /* Base */ = {isa = PBXFileReference; lastKnownFileType = file.xib; name = Base; path = Base.lproj/LaunchScreen.xib; sourceTree = "<group>"; };
/* End PBXFileReference section */

/* Begin PBXFrameworksBuildPhase section */
		A0CF735419EC5BBA004B7D66 /* Frameworks */ = {
			isa = PBXFrameworksBuildPhase;
			buildActionMask = 2147483647;
			files = (
			);
			runOnlyForDeploymentPostprocessing = 0;
		};
/* End PBXFrameworksBuildPhase section */

/* Begin PBXGroup section */
		4CA9EAF919ED5553005C7761 /* VCs */ = {
			isa = PBXGroup;
			children = (
				4CA9EAFA19ED5595005C7761 /* SettingViewController.swift */,
			);
			name = VCs;
			sourceTree = "<group>";
		};
		4CA9EAFC19ED55F0005C7761 /* Cells */ = {
			isa = PBXGroup;
			children = (
				4CA9EAFD19ED5691005C7761 /* NewsCell.swift */,
				4CA9EAFF19ED56AA005C7761 /* InfoCell.swift */,
				4CA9EB0119ED56C9005C7761 /* PlanCell.swift */,
				4CA9EB0319ED56E0005C7761 /* TimeTableCell.swift */,
				4CA9EB0519ED5700005C7761 /* MenuCell.swift */,
			);
			name = Cells;
			sourceTree = "<group>";
		};
		4CD369AA19EEB59B00897C60 /* code */ = {
			isa = PBXGroup;
			children = (
				4CA9EAFC19ED55F0005C7761 /* Cells */,
				4CA9EAF919ED5553005C7761 /* VCs */,
				A0CF735C19EC5BBA004B7D66 /* AppDelegate.swift */,
			);
			name = code;
			sourceTree = "<group>";
		};
		4CD369AB19EEB5AD00897C60 /* screens */ = {
			isa = PBXGroup;
			children = (
				A0CF736019EC5BBA004B7D66 /* Main.storyboard */,
				A0CF736319EC5BBA004B7D66 /* Images.xcassets */,
				A0CF736519EC5BBA004B7D66 /* LaunchScreen.xib */,
			);
			name = screens;
			sourceTree = "<group>";
		};
		A0CF734E19EC5BBA004B7D66 = {
			isa = PBXGroup;
			children = (
				A0CF735919EC5BBA004B7D66 /* Gymnasium Vilshofen */,
			);
			sourceTree = "<group>";
		};
		A0CF735819EC5BBA004B7D66 /* Products */ = {
			isa = PBXGroup;
			children = (
				A0CF735719EC5BBA004B7D66 /* Gymnasium Vilshofen.app */,
			);
			name = Products;
			path = ..;
			sourceTree = "<group>";
		};
		A0CF735919EC5BBA004B7D66 /* Gymnasium Vilshofen */ = {
			isa = PBXGroup;
			children = (
				4CD369AB19EEB5AD00897C60 /* screens */,
				4CD369AA19EEB59B00897C60 /* code */,
				A0CF735819EC5BBA004B7D66 /* Products */,
				A0CF735A19EC5BBA004B7D66 /* Supporting Files */,
			);
			path = "Gymnasium Vilshofen";
			sourceTree = "<group>";
		};
		A0CF735A19EC5BBA004B7D66 /* Supporting Files */ = {
			isa = PBXGroup;
			children = (
				A0CF735B19EC5BBA004B7D66 /* Info.plist */,
			);
			name = "Supporting Files";
			sourceTree = "<group>";
		};
/* End PBXGroup section */

/* Begin PBXNativeTarget section */
		A0CF735619EC5BBA004B7D66 /* Gymnasium Vilshofen */ = {
			isa = PBXNativeTarget;
			buildConfigurationList = A0CF737619EC5BBA004B7D66 /* Build configuration list for PBXNativeTarget "Gymnasium Vilshofen" */;
			buildPhases = (
				A0CF735319EC5BBA004B7D66 /* Sources */,
				A0CF735419EC5BBA004B7D66 /* Frameworks */,
				A0CF735519EC5BBA004B7D66 /* Resources */,
			);
			buildRules = (
			);
			dependencies = (
			);
			name = "Gymnasium Vilshofen";
			productName = "Gymnasium Vilshofen";
			productReference = A0CF735719EC5BBA004B7D66 /* Gymnasium Vilshofen.app */;
			productType = "com.apple.product-type.application";
		};
/* End PBXNativeTarget section */

/* Begin PBXProject section */
		A0CF734F19EC5BBA004B7D66 /* Project object */ = {
			isa = PBXProject;
			attributes = {
				LastUpgradeCheck = 0610;
				ORGANIZATIONNAME = spacebin.io;
				TargetAttributes = {
					A0CF735619EC5BBA004B7D66 = {
						CreatedOnToolsVersion = 6.1;
					};
				};
			};
			buildConfigurationList = A0CF735219EC5BBA004B7D66 /* Build configuration list for PBXProject "Gymnasium Vilshofen" */;
			compatibilityVersion = "Xcode 3.2";
			developmentRegion = English;
			hasScannedForEncodings = 0;
			knownRegions = (
				en,
				Base,
			);
			mainGroup = A0CF734E19EC5BBA004B7D66;
			productRefGroup = A0CF735819EC5BBA004B7D66 /* Products */;
			projectDirPath = "";
			projectRoot = "";
			targets = (
				A0CF735619EC5BBA004B7D66 /* Gymnasium Vilshofen */,
			);
		};
/* End PBXProject section */

/* Begin PBXResourcesBuildPhase section */
		A0CF735519EC5BBA004B7D66 /* Resources */ = {
			isa = PBXResourcesBuildPhase;
			buildActionMask = 2147483647;
			files = (
				A0CF736219EC5BBA004B7D66 /* Main.storyboard in Resources */,
				A0CF736719EC5BBA004B7D66 /* LaunchScreen.xib in Resources */,
				A0CF736419EC5BBA004B7D66 /* Images.xcassets in Resources */,
			);
			runOnlyForDeploymentPostprocessing = 0;
		};
/* End PBXResourcesBuildPhase section */

/* Begin PBXSourcesBuildPhase section */
		A0CF735319EC5BBA004B7D66 /* Sources */ = {
			isa = PBXSourcesBuildPhase;
			buildActionMask = 2147483647;
			files = (
				4CA9EB0619ED5700005C7761 /* MenuCell.swift in Sources */,
				4CA9EB0219ED56C9005C7761 /* PlanCell.swift in Sources */,
				A0CF735D19EC5BBA004B7D66 /* AppDelegate.swift in Sources */,
				4CA9EB0019ED56AA005C7761 /* InfoCell.swift in Sources */,
				4CA9EAFE19ED5691005C7761 /* NewsCell.swift in Sources */,
				4CA9EAFB19ED5595005C7761 /* SettingViewController.swift in Sources */,
				4CA9EB0419ED56E0005C7761 /* TimeTableCell.swift in Sources */,
			);
			runOnlyForDeploymentPostprocessing = 0;
		};
/* End PBXSourcesBuildPhase section */

/* Begin PBXVariantGroup section */
		A0CF736019EC5BBA004B7D66 /* Main.storyboard */ = {
			isa = PBXVariantGroup;
			children = (
				A0CF736119EC5BBA004B7D66 /* Base */,
			);
			name = Main.storyboard;
			sourceTree = "<group>";
		};
		A0CF736519EC5BBA004B7D66 /* LaunchScreen.xib */ = {
			isa = PBXVariantGroup;
			children = (
				A0CF736619EC5BBA004B7D66 /* Base */,
			);
			name = LaunchScreen.xib;
			sourceTree = "<group>";
		};
/* End PBXVariantGroup section */

/* Begin XCBuildConfiguration section */
		A0CF737419EC5BBA004B7D66 /* Debug */ = {
			isa = XCBuildConfiguration;
			buildSettings = {
				ALWAYS_SEARCH_USER_PATHS = NO;
				CLANG_CXX_LANGUAGE_STANDARD = "gnu++0x";
				CLANG_CXX_LIBRARY = "libc++";
				CLANG_ENABLE_MODULES = YES;
				CLANG_ENABLE_OBJC_ARC = YES;
				CLANG_WARN_BOOL_CONVERSION = YES;
				CLANG_WARN_CONSTANT_CONVERSION = YES;
				CLANG_WARN_DIRECT_OBJC_ISA_USAGE = YES_ERROR;
				CLANG_WARN_EMPTY_BODY = YES;
				CLANG_WARN_ENUM_CONVERSION = YES;
				CLANG_WARN_INT_CONVERSION = YES;
				CLANG_WARN_OBJC_ROOT_CLASS = YES_ERROR;
				CLANG_WARN_UNREACHABLE_CODE = YES;
				CLANG_WARN__DUPLICATE_METHOD_MATCH = YES;
				"CODE_SIGN_IDENTITY[sdk=iphoneos*]" = "iPhone Developer";
				COPY_PHASE_STRIP = NO;
				ENABLE_STRICT_OBJC_MSGSEND = YES;
				GCC_C_LANGUAGE_STANDARD = gnu99;
				GCC_DYNAMIC_NO_PIC = NO;
				GCC_OPTIMIZATION_LEVEL = 0;
				GCC_PREPROCESSOR_DEFINITIONS = (
					"DEBUG=1",
					"$(inherited)",
				);
				GCC_SYMBOLS_PRIVATE_EXTERN = NO;
				GCC_WARN_64_TO_32_BIT_CONVERSION = YES;
				GCC_WARN_ABOUT_RETURN_TYPE = YES_ERROR;
				GCC_WARN_UNDECLARED_SELECTOR = YES;
				GCC_WARN_UNINITIALIZED_AUTOS = YES_AGGRESSIVE;
				GCC_WARN_UNUSED_FUNCTION = YES;
				GCC_WARN_UNUSED_VARIABLE = YES;
				IPHONEOS_DEPLOYMENT_TARGET = 8.0;
				MTL_ENABLE_DEBUG_INFO = YES;
				ONLY_ACTIVE_ARCH = YES;
				SDKROOT = iphoneos;
				SWIFT_OPTIMIZATION_LEVEL = "-Onone";
				TARGETED_DEVICE_FAMILY = "1,2";
			};
			name = Debug;
		};
		A0CF737519EC5BBA004B7D66 /* Release */ = {
			isa = XCBuildConfiguration;
			buildSettings = {
				ALWAYS_SEARCH_USER_PATHS = NO;
				CLANG_CXX_LANGUAGE_STANDARD = "gnu++0x";
				CLANG_CXX_LIBRARY = "libc++";
				CLANG_ENABLE_MODULES = YES;
				CLANG_ENABLE_OBJC_ARC = YES;
				CLANG_WARN_BOOL_CONVERSION = YES;
				CLANG_WARN_CONSTANT_CONVERSION = YES;
				CLANG_WARN_DIRECT_OBJC_ISA_USAGE = YES_ERROR;
				CLANG_WARN_EMPTY_BODY = YES;
				CLANG_WARN_ENUM_CONVERSION = YES;
				CLANG_WARN_INT_CONVERSION = YES;
				CLANG_WARN_OBJC_ROOT_CLASS = YES_ERROR;
				CLANG_WARN_UNREACHABLE_CODE = YES;
				CLANG_WARN__DUPLICATE_METHOD_MATCH = YES;
				"CODE_SIGN_IDENTITY[sdk=iphoneos*]" = "iPhone Developer";
				COPY_PHASE_STRIP = YES;
				ENABLE_NS_ASSERTIONS = NO;
				ENABLE_STRICT_OBJC_MSGSEND = YES;
				GCC_C_LANGUAGE_STANDARD = gnu99;
				GCC_WARN_64_TO_32_BIT_CONVERSION = YES;
				GCC_WARN_ABOUT_RETURN_TYPE = YES_ERROR;
				GCC_WARN_UNDECLARED_SELECTOR = YES;
				GCC_WARN_UNINITIALIZED_AUTOS = YES_AGGRESSIVE;
				GCC_WARN_UNUSED_FUNCTION = YES;
				GCC_WARN_UNUSED_VARIABLE = YES;
				IPHONEOS_DEPLOYMENT_TARGET = 8.0;
				MTL_ENABLE_DEBUG_INFO = NO;
				SDKROOT = iphoneos;
				TARGETED_DEVICE_FAMILY = "1,2";
				VALIDATE_PRODUCT = YES;
			};
			name = Release;
		};
		A0CF737719EC5BBA004B7D66 /* Debug */ = {
			isa = XCBuildConfiguration;
			buildSettings = {
				ASSETCATALOG_COMPILER_APPICON_NAME = AppIcon;
				INFOPLIST_FILE = "Gymnasium Vilshofen/Info.plist";
				LD_RUNPATH_SEARCH_PATHS = "$(inherited) @executable_path/Frameworks";
				PRODUCT_NAME = "$(TARGET_NAME)";
			};
			name = Debug;
		};
		A0CF737819EC5BBA004B7D66 /* Release */ = {
			isa = XCBuildConfiguration;
			buildSettings = {
				ASSETCATALOG_COMPILER_APPICON_NAME = AppIcon;
				INFOPLIST_FILE = "Gymnasium Vilshofen/Info.plist";
				LD_RUNPATH_SEARCH_PATHS = "$(inherited) @executable_path/Frameworks";
				PRODUCT_NAME = "$(TARGET_NAME)";
			};
			name = Release;
		};
/* End XCBuildConfiguration section */

/* Begin XCConfigurationList section */
		A0CF735219EC5BBA004B7D66 /* Build configuration list for PBXProject "Gymnasium Vilshofen" */ = {
			isa = XCConfigurationList;
			buildConfigurations = (
				A0CF737419EC5BBA004B7D66 /* Debug */,
				A0CF737519EC5BBA004B7D66 /* Release */,
			);
			defaultConfigurationIsVisible = 0;
			defaultConfigurationName = Release;
		};
		A0CF737619EC5BBA004B7D66 /* Build configuration list for PBXNativeTarget "Gymnasium Vilshofen" */ = {
			isa = XCConfigurationList;
			buildConfigurations = (
				A0CF737719EC5BBA004B7D66 /* Debug */,
				A0CF737819EC5BBA004B7D66 /* Release */,
			);
			defaultConfigurationIsVisible = 0;
			defaultConfigurationName = Release;
		};
/* End XCConfigurationList section */
	};
	rootObject = A0CF734F19EC5BBA004B7D66 /* Project object */;
}
